{
  "version": 4,
  "terraform_version": "1.14.2",
  "serial": 9,
  "lineage": "996f2851-a10e-a48a-3de7-261c5201e476",
  "outputs": {},
  "resources": [
    {
      "mode": "managed",
      "type": "local_file",
      "name": "dipesh",
      "provider": "provider[\"registry.terraform.io/hashicorp/local\"]",
      "instances": [
        {
          "schema_version": 0,
          "attributes": {
            "content": "This is the content for the real_dipesh.txt that is actual file name whereas the dipesh is the name that terraform will use to reference the actual file created here",
            "content_base64": null,
            "content_base64sha256": "ZjIbLxockmlJT6OYqgHCb74KI355GcIvzM+aVqSO9LE=",
            "content_base64sha512": "wlAAtyWAB9lFDL3gdBIJJ2/gJM4Ej2EQMU6UF2XWeQJR1jP2NJkxMb1kChtGZ+DQeueKEv3CzBMPx90GqVmmxA==",
            "content_md5": "96b6a758c8031561263952d15a293298",
            "content_sha1": "b24f271bccc374c84304f78310149b9a36f29ca3",
            "content_sha256": "66321b2f1a1c9269494fa398aa01c26fbe0a237e7919c22fcccf9a56a48ef4b1",
            "content_sha512": "c25000b7258007d9450cbde0741209276fe024ce048f6110314e941765d6790251d633f634993131bd640a1b4667e0d07ae78a12fdc2cc130fc7dd06a959a6c4",
            "directory_permission": "0777",
            "file_permission": "0777",
            "filename": "./real_dipesh.txt",
            "id": "b24f271bccc374c84304f78310149b9a36f29ca3",
            "sensitive_content": null,
            "source": null
          },
          "sensitive_attributes": [
            [
              {
                "type": "get_attr",
                "value": "sensitive_content"
              }
            ]
          ],
          "identity_schema_version": 0
        }
      ]
    },
    {
      "mode": "managed",
      "type": "local_sensitive_file",
      "name": "dipesh2",
      "provider": "provider[\"registry.terraform.io/hashicorp/local\"]",
      "instances": [
        {
          "schema_version": 0,
          "attributes": {
            "content": "This is the content for the sensitive file out here",
            "content_base64": null,
            "content_base64sha256": "1jIlgeB1fJPuhojJ8o1+B92SMzc2WayhBGS12mnIJsE=",
            "content_base64sha512": "zjOwWxvaXksDcGJ93viwLGT2Dw4r41qmAN5fbg/C/310vHCSOLq/wf91MDXUzHw0ok5Gi6mSYXKXxB/NLIzKaQ==",
            "content_md5": "f7074495dd5b5f27283b7b2bad01d068",
            "content_sha1": "a364c634d3136d04bc6b123f2f8c58a3141d87c9",
            "content_sha256": "d6322581e0757c93ee8688c9f28d7e07dd9233373659aca10464b5da69c826c1",
            "content_sha512": "ce33b05b1bda5e4b0370627ddef8b02c64f60f0e2be35aa600de5f6e0fc2ff7d74bc709238babfc1ff753035d4cc7c34a24e468ba992617297c41fcd2c8cca69",
            "directory_permission": "0700",
            "file_permission": "0700",
            "filename": "./real_dipesh2.txt",
            "id": "a364c634d3136d04bc6b123f2f8c58a3141d87c9",
            "source": null
          },
          "sensitive_attributes": [
            [
              {
                "type": "get_attr",
                "value": "content"
              }
            ],
            [
              {
                "type": "get_attr",
                "value": "content_base64"
              }
            ]
          ],
          "identity_schema_version": 0
        }
      ]
    }
  ],
  "check_results": null
}
