{
  "version": 4,
  "terraform_version": "1.14.2",
  "serial": 11,
  "lineage": "45fe78db-6cf7-299d-e35e-8997d35307f7",
  "outputs": {},
  "resources": [
    {
      "mode": "managed",
      "type": "local_file",
      "name": "file1",
      "provider": "provider[\"registry.terraform.io/hashicorp/local\"]",
      "instances": [
        {
          "schema_version": 0,
          "attributes": {
            "content": "    environment = dev\r\n    port = 1000\r\n",
            "content_base64": null,
            "content_base64sha256": "4e3NJgW2lktQHJ2GFPsF/s7EjuWXVN51GRvm2IjrPxs=",
            "content_base64sha512": "R6CinRX15IN55pucR8+ib66DGCGs+zodjmgV65o8gU8XBgt24BlKh/XURNiggqQ8PuRCs88GfO6zL646JUDfaw==",
            "content_md5": "77a62acc79a46f35605f42af0a1f165d",
            "content_sha1": "84e9db692e3f2ad79d1103b638de00c5ab0f62b7",
            "content_sha256": "e1edcd2605b6964b501c9d8614fb05fecec48ee59754de75191be6d888eb3f1b",
            "content_sha512": "47a0a29d15f5e48379e69b9c47cfa26fae831821acfb3a1d8e6815eb9a3c814f17060b76e0194a87f5d444d8a082a43c3ee442b3cf067ceeb32fae3a2540df6b",
            "directory_permission": "0777",
            "file_permission": "0777",
            "filename": "./DEV//file1.txt",
            "id": "84e9db692e3f2ad79d1103b638de00c5ab0f62b7",
            "sensitive_content": null,
            "source": null
          },
          "sensitive_attributes": [
            [
              {
                "type": "get_attr",
                "value": "sensitive_content"
              }
            ]
          ],
          "identity_schema_version": 0
        }
      ]
    },
    {
      "mode": "managed",
      "type": "local_file",
      "name": "file2",
      "provider": "provider[\"registry.terraform.io/hashicorp/local\"]",
      "instances": [
        {
          "schema_version": 0,
          "attributes": {
            "content": "    environment = dev\r\n    port = 1000\r\n",
            "content_base64": null,
            "content_base64sha256": "4e3NJgW2lktQHJ2GFPsF/s7EjuWXVN51GRvm2IjrPxs=",
            "content_base64sha512": "R6CinRX15IN55pucR8+ib66DGCGs+zodjmgV65o8gU8XBgt24BlKh/XURNiggqQ8PuRCs88GfO6zL646JUDfaw==",
            "content_md5": "77a62acc79a46f35605f42af0a1f165d",
            "content_sha1": "84e9db692e3f2ad79d1103b638de00c5ab0f62b7",
            "content_sha256": "e1edcd2605b6964b501c9d8614fb05fecec48ee59754de75191be6d888eb3f1b",
            "content_sha512": "47a0a29d15f5e48379e69b9c47cfa26fae831821acfb3a1d8e6815eb9a3c814f17060b76e0194a87f5d444d8a082a43c3ee442b3cf067ceeb32fae3a2540df6b",
            "directory_permission": "0777",
            "file_permission": "0777",
            "filename": "./DEV//file2.txt",
            "id": "84e9db692e3f2ad79d1103b638de00c5ab0f62b7",
            "sensitive_content": null,
            "source": null
          },
          "sensitive_attributes": [
            [
              {
                "type": "get_attr",
                "value": "sensitive_content"
              }
            ]
          ],
          "identity_schema_version": 0
        }
      ]
    }
  ],
  "check_results": null
}
